
Microsoft Visual Studio Solution File, Format Version 12.00
# Visual Studio Version 17
VisualStudioVersion = 17.5.33424.131
MinimumVisualStudioVersion = 10.0.40219.1
Project("{FAE04EC0-301F-11D3-BF4B-00C04F79EFBC}") = "CUOIKI-EF", "CUOIKI-EF\CUOIKI-EF.csproj", "{186888A0-E130-4788-A35E-311949DBB126}"
EndProject
Global
	GlobalSection(SolutionConfigurationPlatforms) = preSolution
		Debug|Any CPU = Debug|Any CPU
		Release|Any CPU = Release|Any CPU
	EndGlobalSection
	GlobalSection(ProjectConfigurationPlatforms) = postSolution
		{186888A0-E130-4788-A35E-311949DBB126}.Debug|Any CPU.ActiveCfg = Debug|Any CPU
		{186888A0-E130-4788-A35E-311949DBB126}.Debug|Any CPU.Build.0 = Debug|Any CPU
		{186888A0-E130-4788-A35E-311949DBB126}.Release|Any CPU.ActiveCfg = Release|Any CPU
		{186888A0-E130-4788-A35E-311949DBB126}.Release|Any CPU.Build.0 = Release|Any CPU
	EndGlobalSection
	GlobalSection(SolutionProperties) = preSolution
		HideSolutionNode = FALSE
	EndGlobalSection
	GlobalSection(ExtensibilityGlobals) = postSolution
		SolutionGuid = {A958BEFA-BBF9-46DD-B497-60FA4933657F}
	EndGlobalSection
EndGlobal
